// !$*UTF8*$!
{
	archiveVersion = 1;
	classes = {
	};
	objectVersion = 46;
	objects = {

/* Begin PBXBuildFile section */
		F53E244C1D3517CB005A34ED /* AppDelegate.swift in Sources */ = {isa = PBXBuildFile; fileRef = F53E244B1D3517CB005A34ED /* AppDelegate.swift */; };
		F53E244E1D3517CB005A34ED /* ViewController.swift in Sources */ = {isa = PBXBuildFile; fileRef = F53E244D1D3517CB005A34ED /* ViewController.swift */; };
		F53E24511D3517CB005A34ED /* Main.storyboard in Resources */ = {isa = PBXBuildFile; fileRef = F53E244F1D3517CB005A34ED /* Main.storyboard */; };
		F53E24531D3517CB005A34ED /* Assets.xcassets in Resources */ = {isa = PBXBuildFile; fileRef = F53E24521D3517CB005A34ED /* Assets.xcassets */; };
		F53E24561D3517CB005A34ED /* LaunchScreen.storyboard in Resources */ = {isa = PBXBuildFile; fileRef = F53E24541D3517CB005A34ED /* LaunchScreen.storyboard */; };
		F53E24611D3517CB005A34ED /* dummyTests.swift in Sources */ = {isa = PBXBuildFile; fileRef = F53E24601D3517CB005A34ED /* dummyTests.swift */; };
		F53E246C1D3517CB005A34ED /* dummyUITests.swift in Sources */ = {isa = PBXBuildFile; fileRef = F53E246B1D3517CB005A34ED /* dummyUITests.swift */; };
		F59AAA571D351A2F00BAC912 /* pokemonLocation.gpx in Resources */ = {isa = PBXBuildFile; fileRef = F59AAA561D351A2F00BAC912 /* pokemonLocation.gpx */; };
/* End PBXBuildFile section */

/* Begin PBXContainerItemProxy section */
		F53E245D1D3517CB005A34ED /* PBXContainerItemProxy */ = {
			isa = PBXContainerItemProxy;
			containerPortal = F53E24401D3517CB005A34ED /* Project object */;
			proxyType = 1;
			remoteGlobalIDString = F53E24471D3517CB005A34ED;
			remoteInfo = dummy;
		};
		F53E24681D3517CB005A34ED /* PBXContainerItemProxy */ = {
			isa = PBXContainerItemProxy;
			containerPortal = F53E24401D3517CB005A34ED /* Project object */;
			proxyType = 1;
			remoteGlobalIDString = F53E24471D3517CB005A34ED;
			remoteInfo = dummy;
		};
/* End PBXContainerItemProxy section */

/* Begin PBXFileReference section */
		F53E24481D3517CB005A34ED /* dummy.app */ = {isa = PBXFileReference; explicitFileType = wrapper.application; includeInIndex = 0; path = dummy.app; sourceTree = BUILT_PRODUCTS_DIR; };
		F53E244B1D3517CB005A34ED /* AppDelegate.swift */ = {isa = PBXFileReference; lastKnownFileType = sourcecode.swift; path = AppDelegate.swift; sourceTree = "<group>"; };
		F53E244D1D3517CB005A34ED /* ViewController.swift */ = {isa = PBXFileReference; lastKnownFileType = sourcecode.swift; path = ViewController.swift; sourceTree = "<group>"; };
		F53E24501D3517CB005A34ED /* Base */ = {isa = PBXFileReference; lastKnownFileType = file.storyboard; name = Base; path = Base.lproj/Main.storyboard; sourceTree = "<group>"; };
		F53E24521D3517CB005A34ED /* Assets.xcassets */ = {isa = PBXFileReference; lastKnownFileType = folder.assetcatalog; path = Assets.xcassets; sourceTree = "<group>"; };
		F53E24551D3517CB005A34ED /* Base */ = {isa = PBXFileReference; lastKnownFileType = file.storyboard; name = Base; path = Base.lproj/LaunchScreen.storyboard; sourceTree = "<group>"; };
		F53E24571D3517CB005A34ED /* Info.plist */ = {isa = PBXFileReference; lastKnownFileType = text.plist.xml; path = Info.plist; sourceTree = "<group>"; };
		F53E245C1D3517CB005A34ED /* dummyTests.xctest */ = {isa = PBXFileReference; explicitFileType = wrapper.cfbundle; includeInIndex = 0; path = dummyTests.xctest; sourceTree = BUILT_PRODUCTS_DIR; };
		F53E24601D3517CB005A34ED /* dummyTests.swift */ = {isa = PBXFileReference; lastKnownFileType = sourcecode.swift; path = dummyTests.swift; sourceTree = "<group>"; };
		F53E24621D3517CB005A34ED /* Info.plist */ = {isa = PBXFileReference; lastKnownFileType = text.plist.xml; path = Info.plist; sourceTree = "<group>"; };
		F53E24671D3517CB005A34ED /* dummyUITests.xctest */ = {isa = PBXFileReference; explicitFileType = wrapper.cfbundle; includeInIndex = 0; path = dummyUITests.xctest; sourceTree = BUILT_PRODUCTS_DIR; };
		F53E246B1D3517CB005A34ED /* dummyUITests.swift */ = {isa = PBXFileReference; lastKnownFileType = sourcecode.swift; path = dummyUITests.swift; sourceTree = "<group>"; };
		F53E246D1D3517CB005A34ED /* Info.plist */ = {isa = PBXFileReference; lastKnownFileType = text.plist.xml; path = Info.plist; sourceTree = "<group>"; };
		F59AAA561D351A2F00BAC912 /* pokemonLocation.gpx */ = {isa = PBXFileReference; fileEncoding = 4; lastKnownFileType = text; name = pokemonLocation.gpx; path = ../../readGPX/pokemonLocation.gpx; sourceTree = "<group>"; };
/* End PBXFileReference section */

/* Begin PBXFrameworksBuildPhase section */
		F53E24451D3517CB005A34ED /* Frameworks */ = {
			isa = PBXFrameworksBuildPhase;
			buildActionMask = 2147483647;
			files = (
			);
			runOnlyForDeploymentPostprocessing = 0;
		};
		F53E24591D3517CB005A34ED /* Frameworks */ = {
			isa = PBXFrameworksBuildPhase;
			buildActionMask = 2147483647;
			files = (
			);
			runOnlyForDeploymentPostprocessing = 0;
		};
		F53E24641D3517CB005A34ED /* Frameworks */ = {
			isa = PBXFrameworksBuildPhase;
			buildActionMask = 2147483647;
			files = (
			);
			runOnlyForDeploymentPostprocessing = 0;
		};
/* End PBXFrameworksBuildPhase section */

/* Begin PBXGroup section */
		F53E243F1D3517CB005A34ED = {
			isa = PBXGroup;
			children = (
				F53E244A1D3517CB005A34ED /* dummy */,
				F53E245F1D3517CB005A34ED /* dummyTests */,
				F53E246A1D3517CB005A34ED /* dummyUITests */,
				F53E24491D3517CB005A34ED /* Products */,
			);
			sourceTree = "<group>";
		};
		F53E24491D3517CB005A34ED /* Products */ = {
			isa = PBXGroup;
			children = (
				F53E24481D3517CB005A34ED /* dummy.app */,
				F53E245C1D3517CB005A34ED /* dummyTests.xctest */,
				F53E24671D3517CB005A34ED /* dummyUITests.xctest */,
			);
			name = Products;
			sourceTree = "<group>";
		};
		F53E244A1D3517CB005A34ED /* dummy */ = {
			isa = PBXGroup;
			children = (
				F59AAA561D351A2F00BAC912 /* pokemonLocation.gpx */,
				F53E244B1D3517CB005A34ED /* AppDelegate.swift */,
				F53E244D1D3517CB005A34ED /* ViewController.swift */,
				F53E244F1D3517CB005A34ED /* Main.storyboard */,
				F53E24521D3517CB005A34ED /* Assets.xcassets */,
				F53E24541D3517CB005A34ED /* LaunchScreen.storyboard */,
				F53E24571D3517CB005A34ED /* Info.plist */,
			);
			path = dummy;
			sourceTree = "<group>";
		};
		F53E245F1D3517CB005A34ED /* dummyTests */ = {
			isa = PBXGroup;
			children = (
				F53E24601D3517CB005A34ED /* dummyTests.swift */,
				F53E24621D3517CB005A34ED /* Info.plist */,
			);
			path = dummyTests;
			sourceTree = "<group>";
		};
		F53E246A1D3517CB005A34ED /* dummyUITests */ = {
			isa = PBXGroup;
			children = (
				F53E246B1D3517CB005A34ED /* dummyUITests.swift */,
				F53E246D1D3517CB005A34ED /* Info.plist */,
			);
			path = dummyUITests;
			sourceTree = "<group>";
		};
/* End PBXGroup section */

/* Begin PBXNativeTarget section */
		F53E24471D3517CB005A34ED /* dummy */ = {
			isa = PBXNativeTarget;
			buildConfigurationList = F53E24701D3517CB005A34ED /* Build configuration list for PBXNativeTarget "dummy" */;
			buildPhases = (
				F53E24441D3517CB005A34ED /* Sources */,
				F53E24451D3517CB005A34ED /* Frameworks */,
				F53E24461D3517CB005A34ED /* Resources */,
			);
			buildRules = (
			);
			dependencies = (
			);
			name = dummy;
			productName = dummy;
			productReference = F53E24481D3517CB005A34ED /* dummy.app */;
			productType = "com.apple.product-type.application";
		};
		F53E245B1D3517CB005A34ED /* dummyTests */ = {
			isa = PBXNativeTarget;
			buildConfigurationList = F53E24731D3517CB005A34ED /* Build configuration list for PBXNativeTarget "dummyTests" */;
			buildPhases = (
				F53E24581D3517CB005A34ED /* Sources */,
				F53E24591D3517CB005A34ED /* Frameworks */,
				F53E245A1D3517CB005A34ED /* Resources */,
			);
			buildRules = (
			);
			dependencies = (
				F53E245E1D3517CB005A34ED /* PBXTargetDependency */,
			);
			name = dummyTests;
			productName = dummyTests;
			productReference = F53E245C1D3517CB005A34ED /* dummyTests.xctest */;
			productType = "com.apple.product-type.bundle.unit-test";
		};
		F53E24661D3517CB005A34ED /* dummyUITests */ = {
			isa = PBXNativeTarget;
			buildConfigurationList = F53E24761D3517CB005A34ED /* Build configuration list for PBXNativeTarget "dummyUITests" */;
			buildPhases = (
				F53E24631D3517CB005A34ED /* Sources */,
				F53E24641D3517CB005A34ED /* Frameworks */,
				F53E24651D3517CB005A34ED /* Resources */,
			);
			buildRules = (
			);
			dependencies = (
				F53E24691D3517CB005A34ED /* PBXTargetDependency */,
			);
			name = dummyUITests;
			productName = dummyUITests;
			productReference = F53E24671D3517CB005A34ED /* dummyUITests.xctest */;
			productType = "com.apple.product-type.bundle.ui-testing";
		};
/* End PBXNativeTarget section */

/* Begin PBXProject section */
		F53E24401D3517CB005A34ED /* Project object */ = {
			isa = PBXProject;
			attributes = {
				LastSwiftUpdateCheck = 0730;
				LastUpgradeCheck = 0800;
				ORGANIZATIONNAME = taromati;
				TargetAttributes = {
					F53E24471D3517CB005A34ED = {
						CreatedOnToolsVersion = 7.3.1;
						DevelopmentTeam = F4Z98BG3MN;
						DevelopmentTeamName = "Jaehyun Lee";
						LastSwiftMigration = 0800;
					};
					F53E245B1D3517CB005A34ED = {
						CreatedOnToolsVersion = 7.3.1;
						LastSwiftMigration = 0800;
						TestTargetID = F53E24471D3517CB005A34ED;
					};
					F53E24661D3517CB005A34ED = {
						CreatedOnToolsVersion = 7.3.1;
						LastSwiftMigration = 0800;
						TestTargetID = F53E24471D3517CB005A34ED;
					};
				};
			};
			buildConfigurationList = F53E24431D3517CB005A34ED /* Build configuration list for PBXProject "dummy" */;
			compatibilityVersion = "Xcode 3.2";
			developmentRegion = English;
			hasScannedForEncodings = 0;
			knownRegions = (
				en,
				Base,
			);
			mainGroup = F53E243F1D3517CB005A34ED;
			productRefGroup = F53E24491D3517CB005A34ED /* Products */;
			projectDirPath = "";
			projectRoot = "";
			targets = (
				F53E24471D3517CB005A34ED /* dummy */,
				F53E245B1D3517CB005A34ED /* dummyTests */,
				F53E24661D3517CB005A34ED /* dummyUITests */,
			);
		};
/* End PBXProject section */

/* Begin PBXResourcesBuildPhase section */
		F53E24461D3517CB005A34ED /* Resources */ = {
			isa = PBXResourcesBuildPhase;
			buildActionMask = 2147483647;
			files = (
				F53E24561D3517CB005A34ED /* LaunchScreen.storyboard in Resources */,
				F53E24531D3517CB005A34ED /* Assets.xcassets in Resources */,
				F59AAA571D351A2F00BAC912 /* pokemonLocation.gpx in Resources */,
				F53E24511D3517CB005A34ED /* Main.storyboard in Resources */,
			);
			runOnlyForDeploymentPostprocessing = 0;
		};
		F53E245A1D3517CB005A34ED /* Resources */ = {
			isa = PBXResourcesBuildPhase;
			buildActionMask = 2147483647;
			files = (
			);
			runOnlyForDeploymentPostprocessing = 0;
		};
		F53E24651D3517CB005A34ED /* Resources */ = {
			isa = PBXResourcesBuildPhase;
			buildActionMask = 2147483647;
			files = (
			);
			runOnlyForDeploymentPostprocessing = 0;
		};
/* End PBXResourcesBuildPhase section */

/* Begin PBXSourcesBuildPhase section */
		F53E24441D3517CB005A34ED /* Sources */ = {
			isa = PBXSourcesBuildPhase;
			buildActionMask = 2147483647;
			files = (
				F53E244E1D3517CB005A34ED /* ViewController.swift in Sources */,
				F53E244C1D3517CB005A34ED /* AppDelegate.swift in Sources */,
			);
			runOnlyForDeploymentPostprocessing = 0;
		};
		F53E24581D3517CB005A34ED /* Sources */ = {
			isa = PBXSourcesBuildPhase;
			buildActionMask = 2147483647;
			files = (
				F53E24611D3517CB005A34ED /* dummyTests.swift in Sources */,
			);
			runOnlyForDeploymentPostprocessing = 0;
		};
		F53E24631D3517CB005A34ED /* Sources */ = {
			isa = PBXSourcesBuildPhase;
			buildActionMask = 2147483647;
			files = (
				F53E246C1D3517CB005A34ED /* dummyUITests.swift in Sources */,
			);
			runOnlyForDeploymentPostprocessing = 0;
		};
/* End PBXSourcesBuildPhase section */

/* Begin PBXTargetDependency section */
		F53E245E1D3517CB005A34ED /* PBXTargetDependency */ = {
			isa = PBXTargetDependency;
			target = F53E24471D3517CB005A34ED /* dummy */;
			targetProxy = F53E245D1D3517CB005A34ED /* PBXContainerItemProxy */;
		};
		F53E24691D3517CB005A34ED /* PBXTargetDependency */ = {
			isa = PBXTargetDependency;
			target = F53E24471D3517CB005A34ED /* dummy */;
			targetProxy = F53E24681D3517CB005A34ED /* PBXContainerItemProxy */;
		};
/* End PBXTargetDependency section */

/* Begin PBXVariantGroup section */
		F53E244F1D3517CB005A34ED /* Main.storyboard */ = {
			isa = PBXVariantGroup;
			children = (
				F53E24501D3517CB005A34ED /* Base */,
			);
			name = Main.storyboard;
			sourceTree = "<group>";
		};
		F53E24541D3517CB005A34ED /* LaunchScreen.storyboard */ = {
			isa = PBXVariantGroup;
			children = (
				F53E24551D3517CB005A34ED /* Base */,
			);
			name = LaunchScreen.storyboard;
			sourceTree = "<group>";
		};
/* End PBXVariantGroup section */

/* Begin XCBuildConfiguration section */
		F53E246E1D3517CB005A34ED /* Debug */ = {
			isa = XCBuildConfiguration;
			buildSettings = {
				ALWAYS_SEARCH_USER_PATHS = NO;
				CLANG_ANALYZER_NONNULL = YES;
				CLANG_CXX_LANGUAGE_STANDARD = "gnu++0x";
				CLANG_CXX_LIBRARY = "libc++";
				CLANG_ENABLE_MODULES = YES;
				CLANG_ENABLE_OBJC_ARC = YES;
				CLANG_WARN_BOOL_CONVERSION = YES;
				CLANG_WARN_CONSTANT_CONVERSION = YES;
				CLANG_WARN_DIRECT_OBJC_ISA_USAGE = YES_ERROR;
				CLANG_WARN_EMPTY_BODY = YES;
				CLANG_WARN_ENUM_CONVERSION = YES;
				CLANG_WARN_INT_CONVERSION = YES;
				CLANG_WARN_OBJC_ROOT_CLASS = YES_ERROR;
				CLANG_WARN_UNREACHABLE_CODE = YES;
				CLANG_WARN__DUPLICATE_METHOD_MATCH = YES;
				"CODE_SIGN_IDENTITY[sdk=iphoneos*]" = "iPhone Developer";
				COPY_PHASE_STRIP = NO;
				DEBUG_INFORMATION_FORMAT = dwarf;
				ENABLE_STRICT_OBJC_MSGSEND = YES;
				ENABLE_TESTABILITY = YES;
				GCC_C_LANGUAGE_STANDARD = gnu99;
				GCC_DYNAMIC_NO_PIC = NO;
				GCC_NO_COMMON_BLOCKS = YES;
				GCC_OPTIMIZATION_LEVEL = 0;
				GCC_PREPROCESSOR_DEFINITIONS = (
					"DEBUG=1",
					"$(inherited)",
				);
				GCC_WARN_64_TO_32_BIT_CONVERSION = YES;
				GCC_WARN_ABOUT_RETURN_TYPE = YES_ERROR;
				GCC_WARN_UNDECLARED_SELECTOR = YES;
				GCC_WARN_UNINITIALIZED_AUTOS = YES_AGGRESSIVE;
				GCC_WARN_UNUSED_FUNCTION = YES;
				GCC_WARN_UNUSED_VARIABLE = YES;
				IPHONEOS_DEPLOYMENT_TARGET = 9.3;
				MTL_ENABLE_DEBUG_INFO = YES;
				ONLY_ACTIVE_ARCH = YES;
				SDKROOT = iphoneos;
				SWIFT_OPTIMIZATION_LEVEL = "-Onone";
				TARGETED_DEVICE_FAMILY = "1,2";
			};
			name = Debug;
		};
		F53E246F1D3517CB005A34ED /* Release */ = {
			isa = XCBuildConfiguration;
			buildSettings = {
				ALWAYS_SEARCH_USER_PATHS = NO;
				CLANG_ANALYZER_NONNULL = YES;
				CLANG_CXX_LANGUAGE_STANDARD = "gnu++0x";
				CLANG_CXX_LIBRARY = "libc++";
				CLANG_ENABLE_MODULES = YES;
				CLANG_ENABLE_OBJC_ARC = YES;
				CLANG_WARN_BOOL_CONVERSION = YES;
				CLANG_WARN_CONSTANT_CONVERSION = YES;
				CLANG_WARN_DIRECT_OBJC_ISA_USAGE = YES_ERROR;
				CLANG_WARN_EMPTY_BODY = YES;
				CLANG_WARN_ENUM_CONVERSION = YES;
				CLANG_WARN_INT_CONVERSION = YES;
				CLANG_WARN_OBJC_ROOT_CLASS = YES_ERROR;
				CLANG_WARN_UNREACHABLE_CODE = YES;
				CLANG_WARN__DUPLICATE_METHOD_MATCH = YES;
				"CODE_SIGN_IDENTITY[sdk=iphoneos*]" = "iPhone Developer";
				COPY_PHASE_STRIP = NO;
				DEBUG_INFORMATION_FORMAT = "dwarf-with-dsym";
				ENABLE_NS_ASSERTIONS = NO;
				ENABLE_STRICT_OBJC_MSGSEND = YES;
				GCC_C_LANGUAGE_STANDARD = gnu99;
				GCC_NO_COMMON_BLOCKS = YES;
				GCC_WARN_64_TO_32_BIT_CONVERSION = YES;
				GCC_WARN_ABOUT_RETURN_TYPE = YES_ERROR;
				GCC_WARN_UNDECLARED_SELECTOR = YES;
				GCC_WARN_UNINITIALIZED_AUTOS = YES_AGGRESSIVE;
				GCC_WARN_UNUSED_FUNCTION = YES;
				GCC_WARN_UNUSED_VARIABLE = YES;
				IPHONEOS_DEPLOYMENT_TARGET = 9.3;
				MTL_ENABLE_DEBUG_INFO = NO;
				SDKROOT = iphoneos;
				TARGETED_DEVICE_FAMILY = "1,2";
				VALIDATE_PRODUCT = YES;
			};
			name = Release;
		};
		F53E24711D3517CB005A34ED /* Debug */ = {
			isa = XCBuildConfiguration;
			buildSettings = {
				ASSETCATALOG_COMPILER_APPICON_NAME = AppIcon;
				INFOPLIST_FILE = dummy/Info.plist;
				LD_RUNPATH_SEARCH_PATHS = "$(inherited) @executable_path/Frameworks";
				PRODUCT_BUNDLE_IDENTIFIER = kr.taromati.dummy;
				PRODUCT_NAME = "$(TARGET_NAME)";
				SWIFT_VERSION = 3.0;
			};
			name = Debug;
		};
		F53E24721D3517CB005A34ED /* Release */ = {
			isa = XCBuildConfiguration;
			buildSettings = {
				ASSETCATALOG_COMPILER_APPICON_NAME = AppIcon;
				INFOPLIST_FILE = dummy/Info.plist;
				LD_RUNPATH_SEARCH_PATHS = "$(inherited) @executable_path/Frameworks";
				PRODUCT_BUNDLE_IDENTIFIER = kr.taromati.dummy;
				PRODUCT_NAME = "$(TARGET_NAME)";
				SWIFT_OPTIMIZATION_LEVEL = "-Owholemodule";
				SWIFT_VERSION = 3.0;
			};
			name = Release;
		};
		F53E24741D3517CB005A34ED /* Debug */ = {
			isa = XCBuildConfiguration;
			buildSettings = {
				BUNDLE_LOADER = "$(TEST_HOST)";
				INFOPLIST_FILE = dummyTests/Info.plist;
				LD_RUNPATH_SEARCH_PATHS = "$(inherited) @executable_path/Frameworks @loader_path/Frameworks";
				PRODUCT_BUNDLE_IDENTIFIER = kr.taromati.dummyTests;
				PRODUCT_NAME = "$(TARGET_NAME)";
				SWIFT_VERSION = 3.0;
				TEST_HOST = "$(BUILT_PRODUCTS_DIR)/dummy.app/dummy";
			};
			name = Debug;
		};
		F53E24751D3517CB005A34ED /* Release */ = {
			isa = XCBuildConfiguration;
			buildSettings = {
				BUNDLE_LOADER = "$(TEST_HOST)";
				INFOPLIST_FILE = dummyTests/Info.plist;
				LD_RUNPATH_SEARCH_PATHS = "$(inherited) @executable_path/Frameworks @loader_path/Frameworks";
				PRODUCT_BUNDLE_IDENTIFIER = kr.taromati.dummyTests;
				PRODUCT_NAME = "$(TARGET_NAME)";
				SWIFT_OPTIMIZATION_LEVEL = "-Owholemodule";
				SWIFT_VERSION = 3.0;
				TEST_HOST = "$(BUILT_PRODUCTS_DIR)/dummy.app/dummy";
			};
			name = Release;
		};
		F53E24771D3517CB005A34ED /* Debug */ = {
			isa = XCBuildConfiguration;
			buildSettings = {
				INFOPLIST_FILE = dummyUITests/Info.plist;
				LD_RUNPATH_SEARCH_PATHS = "$(inherited) @executable_path/Frameworks @loader_path/Frameworks";
				PRODUCT_BUNDLE_IDENTIFIER = kr.taromati.dummyUITests;
				PRODUCT_NAME = "$(TARGET_NAME)";
				SWIFT_VERSION = 3.0;
				TEST_TARGET_NAME = dummy;
			};
			name = Debug;
		};
		F53E24781D3517CB005A34ED /* Release */ = {
			isa = XCBuildConfiguration;
			buildSettings = {
				INFOPLIST_FILE = dummyUITests/Info.plist;
				LD_RUNPATH_SEARCH_PATHS = "$(inherited) @executable_path/Frameworks @loader_path/Frameworks";
				PRODUCT_BUNDLE_IDENTIFIER = kr.taromati.dummyUITests;
				PRODUCT_NAME = "$(TARGET_NAME)";
				SWIFT_OPTIMIZATION_LEVEL = "-Owholemodule";
				SWIFT_VERSION = 3.0;
				TEST_TARGET_NAME = dummy;
			};
			name = Release;
		};
/* End XCBuildConfiguration section */

/* Begin XCConfigurationList section */
		F53E24431D3517CB005A34ED /* Build configuration list for PBXProject "dummy" */ = {
			isa = XCConfigurationList;
			buildConfigurations = (
				F53E246E1D3517CB005A34ED /* Debug */,
				F53E246F1D3517CB005A34ED /* Release */,
			);
			defaultConfigurationIsVisible = 0;
			defaultConfigurationName = Release;
		};
		F53E24701D3517CB005A34ED /* Build configuration list for PBXNativeTarget "dummy" */ = {
			isa = XCConfigurationList;
			buildConfigurations = (
				F53E24711D3517CB005A34ED /* Debug */,
				F53E24721D3517CB005A34ED /* Release */,
			);
			defaultConfigurationIsVisible = 0;
			defaultConfigurationName = Release;
		};
		F53E24731D3517CB005A34ED /* Build configuration list for PBXNativeTarget "dummyTests" */ = {
			isa = XCConfigurationList;
			buildConfigurations = (
				F53E24741D3517CB005A34ED /* Debug */,
				F53E24751D3517CB005A34ED /* Release */,
			);
			defaultConfigurationIsVisible = 0;
			defaultConfigurationName = Release;
		};
		F53E24761D3517CB005A34ED /* Build configuration list for PBXNativeTarget "dummyUITests" */ = {
			isa = XCConfigurationList;
			buildConfigurations = (
				F53E24771D3517CB005A34ED /* Debug */,
				F53E24781D3517CB005A34ED /* Release */,
			);
			defaultConfigurationIsVisible = 0;
			defaultConfigurationName = Release;
		};
/* End XCConfigurationList section */
	};
	rootObject = F53E24401D3517CB005A34ED /* Project object */;
}
